github.com/alexanderthegreat96/dog v1.0.0 h1:9vUhkfO5Ry8OwPf/WOSPixmgNeCOUEs1elFj6Pd7yCM=
github.com/alexanderthegreat96/dog v1.0.0/go.mod h1:7zli1qL49WNNVdRQrulQeYNoSF5JOX6COXlDl7hYI2s=
github.com/alexanderthegreat96/puppy v1.3.0 h1:hDvrvtTUs9JPiV/CXr2qLFuvSZZzCdYfSi5iUrrAHXQ=
github.com/alexanderthegreat96/puppy v1.3.0/go.mod h1:9U9foHzFNgQR79n53bjlEKUz9PknBQRF3SCRCK/ZTgw=
github.com/raja/argon2pw v1.0.1 h1:RIUM12+uQdj5/cWQLlEmZDD8xj5kQN1X9kTK0xfXjGQ=
github.com/raja/argon2pw v1.0.1/go.mod h1:idX/fPqwjX31YMTF2iIpEpNApV2YbQhSFr4iIhJaqp4=
golang.org/x/crypto v0.14.0 h1:wBqGXzWJW6m1XrIKlAH0Hs1JJ7+9KBwnIO8v66Q9cHc=
golang.org/x/crypto v0.14.0/go.mod h1:MVFd36DqK4CsrnJYDkBA3VC4m2GkXAM0PvzMCn4JQf4=
golang.org/x/exp v0.0.0-20240103183307-be819d1f06fc h1:ao2WRsKSzW6KuUY9IWPwWahcHCgR0s52IfwutMfEbdM=
golang.org/x/exp v0.0.0-20240103183307-be819d1f06fc/go.mod h1:iRJReGqOEeBhDZGkGbynYwcHlctCvnjTYIamk7uXpHI=
golang.org/x/sys v0.13.0 h1:Af8nKPmuFypiUBjVoU9V20FiaFXOcuZI21p0ycVYYGE=
golang.org/x/sys v0.13.0/go.mod h1:oPkhp1MJrh7nUepCBck5+mAzfO9JrbApNNgaTdGDITg=
golang.org/x/term v0.13.0 h1:bb+I9cTfFazGW51MZqBVmZy7+JEJMouUHTUSKVQLBek=
golang.org/x/term v0.13.0/go.mod h1:LTmsnFJwVN6bCy1rVCoS+qHT1HhALEFxKncY3WNNh4U=
